
Microsoft Visual Studio Solution File, Format Version 12.00
# Visual Studio Version 17
VisualStudioVersion = 17.14.36705.20
MinimumVisualStudioVersion = 10.0.40219.1
Project("{FAE04EC0-301F-11D3-BF4B-00C04F79EFBC}") = "IT_TJRG", "ConsoleApp1\IT_TJRG.csproj", "{F6B5ED34-3C61-4055-9BAD-088B91A37BDA}"
EndProject
Global
	GlobalSection(SolutionConfigurationPlatforms) = preSolution
		Debug|Any CPU = Debug|Any CPU
		Release|Any CPU = Release|Any CPU
	EndGlobalSection
	GlobalSection(ProjectConfigurationPlatforms) = postSolution
		{F6B5ED34-3C61-4055-9BAD-088B91A37BDA}.Debug|Any CPU.ActiveCfg = Debug|Any CPU
		{F6B5ED34-3C61-4055-9BAD-088B91A37BDA}.Debug|Any CPU.Build.0 = Debug|Any CPU
		{F6B5ED34-3C61-4055-9BAD-088B91A37BDA}.Release|Any CPU.ActiveCfg = Release|Any CPU
		{F6B5ED34-3C61-4055-9BAD-088B91A37BDA}.Release|Any CPU.Build.0 = Release|Any CPU
	EndGlobalSection
	GlobalSection(SolutionProperties) = preSolution
		HideSolutionNode = FALSE
	EndGlobalSection
	GlobalSection(ExtensibilityGlobals) = postSolution
		SolutionGuid = {1BD7BD06-166D-4848-B845-19ED21688683}
	EndGlobalSection
EndGlobal
